<?xml version="1.0" encoding="utf-8"?>
<Project ToolsVersion="4.0" xmlns="http://schemas.microsoft.com/developer/msbuild/2003">
  <ItemGroup>
    <Filter Include="Source Files">
      <UniqueIdentifier>{4FC737F1-C7A5-4376-A066-2A32D752A2FF}</UniqueIdentifier>
      <Extensions>cpp;c;cc;cxx;c++;def;odl;idl;hpj;bat;asm;asmx</Extensions>
    </Filter>
    <Filter Include="Header Files">
      <UniqueIdentifier>{93995380-89BD-4b04-88EB-625FBE52EBFB}</UniqueIdentifier>
      <Extensions>h;hh;hpp;hxx;h++;hm;inl;inc;ipp;xsd</Extensions>
    </Filter>
    <Filter Include="Resource Files">
      <UniqueIdentifier>{67DA6AB6-F800-4c08-8B7A-83BB121AAD01}</UniqueIdentifier>
      <Extensions>rc;ico;cur;bmp;dlg;rc2;rct;bin;rgs;gif;jpg;jpeg;jpe;resx;tiff;tif;png;wav;mfcribbon-ms</Extensions>
    </Filter>
    <Filter Include="Unit Tests">
      <UniqueIdentifier>{3a44745d-add1-4055-9455-bb1bc127212d}</UniqueIdentifier>
    </Filter>
    <Filter Include="Header Files\Library Headers">
      <UniqueIdentifier>{459507d6-97ef-4957-bfc1-f5445ffd82f1}</UniqueIdentifier>
    </Filter>
  </ItemGroup>
  <ItemGroup>
    <None Include=".gitignore" />
    <None Include="README.md" />
    <None Include="Makefile" />
    <None Include=".clang-format" />
    <None Include="src\unit_tests\.clang-format">
      <Filter>Unit Tests</Filter>
    </None>
    <None Include="src\.clang-format">
      <Filter>Source Files</Filter>
    </None>
    <None Include="euchre.json" />
  </ItemGroup>
  <ItemGroup>
    <ClCompile Include="src\main.cpp">
      <Filter>Source Files</Filter>
    </ClCompile>
  </ItemGroup>
  <ItemGroup>
    <ClInclude Include="src\unit_tests\test_euchre.h">
      <Filter>Unit Tests</Filter>
    </ClInclude>
    <ClInclude Include="src\algorithm_rda.h">
      <Filter>Header Files\Library Headers</Filter>
    </ClInclude>
    <ClInclude Include="src\json.h">
      <Filter>Header Files\Library Headers</Filter>
    </ClInclude>
    <ClInclude Include="src\platform_defs.h">
      <Filter>Header Files\Library Headers</Filter>
    </ClInclude>
    <ClInclude Include="src\platform_defs_posix.h">
      <Filter>Header Files\Library Headers</Filter>
    </ClInclude>
    <ClInclude Include="src\platform_defs_windows.h">
      <Filter>Header Files\Library Headers</Filter>
    </ClInclude>
    <ClInclude Include="src\random_seeder.h">
      <Filter>Header Files</Filter>
    </ClInclude>
    <ClInclude Include="src\fileio.h">
      <Filter>Header Files\Library Headers</Filter>
    </ClInclude>
    <ClInclude Include="src\unit_tests\unit_test_template.h">
      <Filter>Unit Tests</Filter>
    </ClInclude>
    <ClInclude Include="src\unit_tests\unit_test_utils.h">
      <Filter>Unit Tests</Filter>
    </ClInclude>
    <ClInclude Include="src\score_trump_call.h">
      <Filter>Header Files</Filter>
    </ClInclude>
    <ClInclude Include="src\euchre_game.h">
      <Filter>Header Files</Filter>
    </ClInclude>
    <ClInclude Include="src\euchre_card.h">
      <Filter>Header Files</Filter>
    </ClInclude>
    <ClInclude Include="src\euchre_deck.h">
      <Filter>Header Files</Filter>
    </ClInclude>
    <ClInclude Include="src\euchre_hand.h">
      <Filter>Header Files</Filter>
    </ClInclude>
    <ClInclude Include="src\euchre_scoreboard.h">
      <Filter>Header Files</Filter>
    </ClInclude>
    <ClInclude Include="src\euchre_player.h">
      <Filter>Header Files</Filter>
    </ClInclude>
    <ClInclude Include="src\euchre_player_computer.h">
      <Filter>Header Files</Filter>
    </ClInclude>
    <ClInclude Include="src\euchre_player_human.h">
      <Filter>Header Files</Filter>
    </ClInclude>
    <ClInclude Include="src\euchre_utils.h">
      <Filter>Header Files</Filter>
    </ClInclude>
    <ClInclude Include="src\euchre_card_color.h">
      <Filter>Header Files</Filter>
    </ClInclude>
    <ClInclude Include="src\euchre_card_suit.h">
      <Filter>Header Files</Filter>
    </ClInclude>
    <ClInclude Include="src\euchre_card_rank.h">
      <Filter>Header Files</Filter>
    </ClInclude>
    <ClInclude Include="src\euchre_seat_position.h">
      <Filter>Header Files</Filter>
    </ClInclude>
    <ClInclude Include="src\euchre_perception.h">
      <Filter>Header Files</Filter>
    </ClInclude>
  </ItemGroup>
</Project>